// !$*UTF8*$!
{
	archiveVersion = 1;
	classes = {
	};
	objectVersion = 51;
	objects = {

/* Begin PBXBuildFile section */
		FE29EA012203A38F000FECC2 /* AppDelegate.swift in Sources */ = {isa = PBXBuildFile; fileRef = FE29EA002203A38F000FECC2 /* AppDelegate.swift */; };
		FE29EA032203A38F000FECC2 /* ViewController.swift in Sources */ = {isa = PBXBuildFile; fileRef = FE29EA022203A38F000FECC2 /* ViewController.swift */; };
		FE29EA062203A38F000FECC2 /* Main.storyboard in Resources */ = {isa = PBXBuildFile; fileRef = FE29EA042203A38F000FECC2 /* Main.storyboard */; };
		FE29EA0B2203A391000FECC2 /* LaunchScreen.storyboard in Resources */ = {isa = PBXBuildFile; fileRef = FE29EA092203A391000FECC2 /* LaunchScreen.storyboard */; };
		FE29EA142203B43F000FECC2 /* Assets.xcassets in Resources */ = {isa = PBXBuildFile; fileRef = FE29EA072203A391000FECC2 /* Assets.xcassets */; };
		FE45E4422205D17800EFAD8B /* InfoViewController.swift in Sources */ = {isa = PBXBuildFile; fileRef = FE45E4402205D17800EFAD8B /* InfoViewController.swift */; };
		FE45E4432205D17800EFAD8B /* InfoViewController.xib in Resources */ = {isa = PBXBuildFile; fileRef = FE45E4412205D17800EFAD8B /* InfoViewController.xib */; };
		FE45E4462205D1F400EFAD8B /* SalesTableViewController.swift in Sources */ = {isa = PBXBuildFile; fileRef = FE45E4442205D1F400EFAD8B /* SalesTableViewController.swift */; };
		FE45E4472205D1F400EFAD8B /* SalesTableViewController.xib in Resources */ = {isa = PBXBuildFile; fileRef = FE45E4452205D1F400EFAD8B /* SalesTableViewController.xib */; };
/* End PBXBuildFile section */

/* Begin PBXFileReference section */
		FE29E9FD2203A38F000FECC2 /* Desafio.app */ = {isa = PBXFileReference; explicitFileType = wrapper.application; includeInIndex = 0; path = Desafio.app; sourceTree = BUILT_PRODUCTS_DIR; };
		FE29EA002203A38F000FECC2 /* AppDelegate.swift */ = {isa = PBXFileReference; lastKnownFileType = sourcecode.swift; path = AppDelegate.swift; sourceTree = "<group>"; };
		FE29EA022203A38F000FECC2 /* ViewController.swift */ = {isa = PBXFileReference; lastKnownFileType = sourcecode.swift; path = ViewController.swift; sourceTree = "<group>"; };
		FE29EA052203A38F000FECC2 /* Base */ = {isa = PBXFileReference; lastKnownFileType = file.storyboard; name = Base; path = Base.lproj/Main.storyboard; sourceTree = "<group>"; };
		FE29EA072203A391000FECC2 /* Assets.xcassets */ = {isa = PBXFileReference; lastKnownFileType = folder.assetcatalog; path = Assets.xcassets; sourceTree = "<group>"; };
		FE29EA0A2203A391000FECC2 /* Base */ = {isa = PBXFileReference; lastKnownFileType = file.storyboard; name = Base; path = Base.lproj/LaunchScreen.storyboard; sourceTree = "<group>"; };
		FE29EA0C2203A391000FECC2 /* Info.plist */ = {isa = PBXFileReference; lastKnownFileType = text.plist.xml; path = Info.plist; sourceTree = "<group>"; };
		FE45E4402205D17800EFAD8B /* InfoViewController.swift */ = {isa = PBXFileReference; lastKnownFileType = sourcecode.swift; path = InfoViewController.swift; sourceTree = "<group>"; };
		FE45E4412205D17800EFAD8B /* InfoViewController.xib */ = {isa = PBXFileReference; lastKnownFileType = file.xib; path = InfoViewController.xib; sourceTree = "<group>"; };
		FE45E4442205D1F400EFAD8B /* SalesTableViewController.swift */ = {isa = PBXFileReference; lastKnownFileType = sourcecode.swift; path = SalesTableViewController.swift; sourceTree = "<group>"; };
		FE45E4452205D1F400EFAD8B /* SalesTableViewController.xib */ = {isa = PBXFileReference; lastKnownFileType = file.xib; path = SalesTableViewController.xib; sourceTree = "<group>"; };
/* End PBXFileReference section */

/* Begin PBXFrameworksBuildPhase section */
		FE29E9FA2203A38F000FECC2 /* Frameworks */ = {
			isa = PBXFrameworksBuildPhase;
			buildActionMask = 2147483647;
			files = (
			);
			runOnlyForDeploymentPostprocessing = 0;
		};
/* End PBXFrameworksBuildPhase section */

/* Begin PBXGroup section */
		FE29E9F42203A38F000FECC2 = {
			isa = PBXGroup;
			children = (
				FE29E9FF2203A38F000FECC2 /* Desafio */,
				FE29E9FE2203A38F000FECC2 /* Products */,
			);
			sourceTree = "<group>";
		};
		FE29E9FE2203A38F000FECC2 /* Products */ = {
			isa = PBXGroup;
			children = (
				FE29E9FD2203A38F000FECC2 /* Desafio.app */,
			);
			name = Products;
			sourceTree = "<group>";
		};
		FE29E9FF2203A38F000FECC2 /* Desafio */ = {
			isa = PBXGroup;
			children = (
				FE29EA002203A38F000FECC2 /* AppDelegate.swift */,
				FE29EA022203A38F000FECC2 /* ViewController.swift */,
				FE29EA042203A38F000FECC2 /* Main.storyboard */,
				FE45E4442205D1F400EFAD8B /* SalesTableViewController.swift */,
				FE45E4452205D1F400EFAD8B /* SalesTableViewController.xib */,
				FE45E4402205D17800EFAD8B /* InfoViewController.swift */,
				FE45E4412205D17800EFAD8B /* InfoViewController.xib */,
				FE29EA072203A391000FECC2 /* Assets.xcassets */,
				FE29EA092203A391000FECC2 /* LaunchScreen.storyboard */,
				FE29EA0C2203A391000FECC2 /* Info.plist */,
			);
			path = Desafio;
			sourceTree = "<group>";
		};
/* End PBXGroup section */

/* Begin PBXNativeTarget section */
		FE29E9FC2203A38F000FECC2 /* Desafio */ = {
			isa = PBXNativeTarget;
			buildConfigurationList = FE29EA0F2203A391000FECC2 /* Build configuration list for PBXNativeTarget "Desafio" */;
			buildPhases = (
				FE29E9F92203A38F000FECC2 /* Sources */,
				FE29E9FA2203A38F000FECC2 /* Frameworks */,
				FE29E9FB2203A38F000FECC2 /* Resources */,
			);
			buildRules = (
			);
			dependencies = (
			);
			name = Desafio;
			productName = Desafio;
			productReference = FE29E9FD2203A38F000FECC2 /* Desafio.app */;
			productType = "com.apple.product-type.application";
		};
/* End PBXNativeTarget section */

/* Begin PBXProject section */
		FE29E9F52203A38F000FECC2 /* Project object */ = {
			isa = PBXProject;
			attributes = {
				LastSwiftUpdateCheck = 1010;
				LastUpgradeCheck = 1010;
				ORGANIZATIONNAME = "Rafael Nicolau";
				TargetAttributes = {
					FE29E9FC2203A38F000FECC2 = {
						CreatedOnToolsVersion = 10.1;
					};
				};
			};
			buildConfigurationList = FE29E9F82203A38F000FECC2 /* Build configuration list for PBXProject "Desafio" */;
			compatibilityVersion = "Xcode 10.0";
			developmentRegion = en;
			hasScannedForEncodings = 0;
			knownRegions = (
				en,
				Base,
			);
			mainGroup = FE29E9F42203A38F000FECC2;
			productRefGroup = FE29E9FE2203A38F000FECC2 /* Products */;
			projectDirPath = "";
			projectRoot = "";
			targets = (
				FE29E9FC2203A38F000FECC2 /* Desafio */,
			);
		};
/* End PBXProject section */

/* Begin PBXResourcesBuildPhase section */
		FE29E9FB2203A38F000FECC2 /* Resources */ = {
			isa = PBXResourcesBuildPhase;
			buildActionMask = 2147483647;
			files = (
				FE29EA0B2203A391000FECC2 /* LaunchScreen.storyboard in Resources */,
				FE29EA142203B43F000FECC2 /* Assets.xcassets in Resources */,
				FE45E4432205D17800EFAD8B /* InfoViewController.xib in Resources */,
				FE45E4472205D1F400EFAD8B /* SalesTableViewController.xib in Resources */,
				FE29EA062203A38F000FECC2 /* Main.storyboard in Resources */,
			);
			runOnlyForDeploymentPostprocessing = 0;
		};
/* End PBXResourcesBuildPhase section */

/* Begin PBXSourcesBuildPhase section */
		FE29E9F92203A38F000FECC2 /* Sources */ = {
			isa = PBXSourcesBuildPhase;
			buildActionMask = 2147483647;
			files = (
				FE45E4462205D1F400EFAD8B /* SalesTableViewController.swift in Sources */,
				FE29EA032203A38F000FECC2 /* ViewController.swift in Sources */,
				FE29EA012203A38F000FECC2 /* AppDelegate.swift in Sources */,
				FE45E4422205D17800EFAD8B /* InfoViewController.swift in Sources */,
			);
			runOnlyForDeploymentPostprocessing = 0;
		};
/* End PBXSourcesBuildPhase section */

/* Begin PBXVariantGroup section */
		FE29EA042203A38F000FECC2 /* Main.storyboard */ = {
			isa = PBXVariantGroup;
			children = (
				FE29EA052203A38F000FECC2 /* Base */,
			);
			name = Main.storyboard;
			sourceTree = "<group>";
		};
		FE29EA092203A391000FECC2 /* LaunchScreen.storyboard */ = {
			isa = PBXVariantGroup;
			children = (
				FE29EA0A2203A391000FECC2 /* Base */,
			);
			name = LaunchScreen.storyboard;
			sourceTree = "<group>";
		};
/* End PBXVariantGroup section */

/* Begin XCBuildConfiguration section */
		FE29EA0D2203A391000FECC2 /* Debug */ = {
			isa = XCBuildConfiguration;
			buildSettings = {
				ALWAYS_SEARCH_USER_PATHS = NO;
				CLANG_ANALYZER_NONNULL = YES;
				CLANG_ANALYZER_NUMBER_OBJECT_CONVERSION = YES_AGGRESSIVE;
				CLANG_CXX_LANGUAGE_STANDARD = "gnu++14";
				CLANG_CXX_LIBRARY = "libc++";
				CLANG_ENABLE_MODULES = YES;
				CLANG_ENABLE_OBJC_ARC = YES;
				CLANG_ENABLE_OBJC_WEAK = YES;
				CLANG_WARN_BLOCK_CAPTURE_AUTORELEASING = YES;
				CLANG_WARN_BOOL_CONVERSION = YES;
				CLANG_WARN_COMMA = YES;
				CLANG_WARN_CONSTANT_CONVERSION = YES;
				CLANG_WARN_DEPRECATED_OBJC_IMPLEMENTATIONS = YES;
				CLANG_WARN_DIRECT_OBJC_ISA_USAGE = YES_ERROR;
				CLANG_WARN_DOCUMENTATION_COMMENTS = YES;
				CLANG_WARN_EMPTY_BODY = YES;
				CLANG_WARN_ENUM_CONVERSION = YES;
				CLANG_WARN_INFINITE_RECURSION = YES;
				CLANG_WARN_INT_CONVERSION = YES;
				CLANG_WARN_NON_LITERAL_NULL_CONVERSION = YES;
				CLANG_WARN_OBJC_IMPLICIT_RETAIN_SELF = YES;
				CLANG_WARN_OBJC_LITERAL_CONVERSION = YES;
				CLANG_WARN_OBJC_ROOT_CLASS = YES_ERROR;
				CLANG_WARN_RANGE_LOOP_ANALYSIS = YES;
				CLANG_WARN_STRICT_PROTOTYPES = YES;
				CLANG_WARN_SUSPICIOUS_MOVE = YES;
				CLANG_WARN_UNGUARDED_AVAILABILITY = YES_AGGRESSIVE;
				CLANG_WARN_UNREACHABLE_CODE = YES;
				CLANG_WARN__DUPLICATE_METHOD_MATCH = YES;
				CODE_SIGN_IDENTITY = "iPhone Developer";
				COPY_PHASE_STRIP = NO;
				DEBUG_INFORMATION_FORMAT = dwarf;
				ENABLE_STRICT_OBJC_MSGSEND = YES;
				ENABLE_TESTABILITY = YES;
				GCC_C_LANGUAGE_STANDARD = gnu11;
				GCC_DYNAMIC_NO_PIC = NO;
				GCC_NO_COMMON_BLOCKS = YES;
				GCC_OPTIMIZATION_LEVEL = 0;
				GCC_PREPROCESSOR_DEFINITIONS = (
					"DEBUG=1",
					"$(inherited)",
				);
				GCC_WARN_64_TO_32_BIT_CONVERSION = YES;
				GCC_WARN_ABOUT_RETURN_TYPE = YES_ERROR;
				GCC_WARN_UNDECLARED_SELECTOR = YES;
				GCC_WARN_UNINITIALIZED_AUTOS = YES_AGGRESSIVE;
				GCC_WARN_UNUSED_FUNCTION = YES;
				GCC_WARN_UNUSED_VARIABLE = YES;
				IPHONEOS_DEPLOYMENT_TARGET = 12.1;
				MTL_ENABLE_DEBUG_INFO = INCLUDE_SOURCE;
				MTL_FAST_MATH = YES;
				ONLY_ACTIVE_ARCH = YES;
				SDKROOT = iphoneos;
				SWIFT_ACTIVE_COMPILATION_CONDITIONS = DEBUG;
				SWIFT_OPTIMIZATION_LEVEL = "-Onone";
			};
			name = Debug;
		};
		FE29EA0E2203A391000FECC2 /* Release */ = {
			isa = XCBuildConfiguration;
			buildSettings = {
				ALWAYS_SEARCH_USER_PATHS = NO;
				CLANG_ANALYZER_NONNULL = YES;
				CLANG_ANALYZER_NUMBER_OBJECT_CONVERSION = YES_AGGRESSIVE;
				CLANG_CXX_LANGUAGE_STANDARD = "gnu++14";
				CLANG_CXX_LIBRARY = "libc++";
				CLANG_ENABLE_MODULES = YES;
				CLANG_ENABLE_OBJC_ARC = YES;
				CLANG_ENABLE_OBJC_WEAK = YES;
				CLANG_WARN_BLOCK_CAPTURE_AUTORELEASING = YES;
				CLANG_WARN_BOOL_CONVERSION = YES;
				CLANG_WARN_COMMA = YES;
				CLANG_WARN_CONSTANT_CONVERSION = YES;
				CLANG_WARN_DEPRECATED_OBJC_IMPLEMENTATIONS = YES;
				CLANG_WARN_DIRECT_OBJC_ISA_USAGE = YES_ERROR;
				CLANG_WARN_DOCUMENTATION_COMMENTS = YES;
				CLANG_WARN_EMPTY_BODY = YES;
				CLANG_WARN_ENUM_CONVERSION = YES;
				CLANG_WARN_INFINITE_RECURSION = YES;
				CLANG_WARN_INT_CONVERSION = YES;
				CLANG_WARN_NON_LITERAL_NULL_CONVERSION = YES;
				CLANG_WARN_OBJC_IMPLICIT_RETAIN_SELF = YES;
				CLANG_WARN_OBJC_LITERAL_CONVERSION = YES;
				CLANG_WARN_OBJC_ROOT_CLASS = YES_ERROR;
				CLANG_WARN_RANGE_LOOP_ANALYSIS = YES;
				CLANG_WARN_STRICT_PROTOTYPES = YES;
				CLANG_WARN_SUSPICIOUS_MOVE = YES;
				CLANG_WARN_UNGUARDED_AVAILABILITY = YES_AGGRESSIVE;
				CLANG_WARN_UNREACHABLE_CODE = YES;
				CLANG_WARN__DUPLICATE_METHOD_MATCH = YES;
				CODE_SIGN_IDENTITY = "iPhone Developer";
				COPY_PHASE_STRIP = NO;
				DEBUG_INFORMATION_FORMAT = "dwarf-with-dsym";
				ENABLE_NS_ASSERTIONS = NO;
				ENABLE_STRICT_OBJC_MSGSEND = YES;
				GCC_C_LANGUAGE_STANDARD = gnu11;
				GCC_NO_COMMON_BLOCKS = YES;
				GCC_WARN_64_TO_32_BIT_CONVERSION = YES;
				GCC_WARN_ABOUT_RETURN_TYPE = YES_ERROR;
				GCC_WARN_UNDECLARED_SELECTOR = YES;
				GCC_WARN_UNINITIALIZED_AUTOS = YES_AGGRESSIVE;
				GCC_WARN_UNUSED_FUNCTION = YES;
				GCC_WARN_UNUSED_VARIABLE = YES;
				IPHONEOS_DEPLOYMENT_TARGET = 12.1;
				MTL_ENABLE_DEBUG_INFO = NO;
				MTL_FAST_MATH = YES;
				SDKROOT = iphoneos;
				SWIFT_COMPILATION_MODE = wholemodule;
				SWIFT_OPTIMIZATION_LEVEL = "-O";
				VALIDATE_PRODUCT = YES;
			};
			name = Release;
		};
		FE29EA102203A391000FECC2 /* Debug */ = {
			isa = XCBuildConfiguration;
			buildSettings = {
				ASSETCATALOG_COMPILER_APPICON_NAME = AppIcon;
				CODE_SIGN_STYLE = Automatic;
				INFOPLIST_FILE = Desafio/Info.plist;
				LD_RUNPATH_SEARCH_PATHS = (
					"$(inherited)",
					"@executable_path/Frameworks",
				);
				PRODUCT_BUNDLE_IDENTIFIER = com.rafaelnicolau.Desafio;
				PRODUCT_NAME = "$(TARGET_NAME)";
				SWIFT_VERSION = 4.2;
				TARGETED_DEVICE_FAMILY = "1,2";
			};
			name = Debug;
		};
		FE29EA112203A391000FECC2 /* Release */ = {
			isa = XCBuildConfiguration;
			buildSettings = {
				ASSETCATALOG_COMPILER_APPICON_NAME = AppIcon;
				CODE_SIGN_STYLE = Automatic;
				INFOPLIST_FILE = Desafio/Info.plist;
				LD_RUNPATH_SEARCH_PATHS = (
					"$(inherited)",
					"@executable_path/Frameworks",
				);
				PRODUCT_BUNDLE_IDENTIFIER = com.rafaelnicolau.Desafio;
				PRODUCT_NAME = "$(TARGET_NAME)";
				SWIFT_VERSION = 4.2;
				TARGETED_DEVICE_FAMILY = "1,2";
			};
			name = Release;
		};
/* End XCBuildConfiguration section */

/* Begin XCConfigurationList section */
		FE29E9F82203A38F000FECC2 /* Build configuration list for PBXProject "Desafio" */ = {
			isa = XCConfigurationList;
			buildConfigurations = (
				FE29EA0D2203A391000FECC2 /* Debug */,
				FE29EA0E2203A391000FECC2 /* Release */,
			);
			defaultConfigurationIsVisible = 0;
			defaultConfigurationName = Release;
		};
		FE29EA0F2203A391000FECC2 /* Build configuration list for PBXNativeTarget "Desafio" */ = {
			isa = XCConfigurationList;
			buildConfigurations = (
				FE29EA102203A391000FECC2 /* Debug */,
				FE29EA112203A391000FECC2 /* Release */,
			);
			defaultConfigurationIsVisible = 0;
			defaultConfigurationName = Release;
		};
/* End XCConfigurationList section */
	};
	rootObject = FE29E9F52203A38F000FECC2 /* Project object */;
}
