// !$*UTF8*$!
{
	archiveVersion = 1;
	classes = {
	};
	objectVersion = 51;
	objects = {

/* Begin PBXBuildFile section */
		93F7D4C9A42E1293305BE019 /* Pods_Desafio.framework in Frameworks */ = {isa = PBXBuildFile; fileRef = 7198BEDCF2C43963A658AA2A /* Pods_Desafio.framework */; };
		FE0541FD224C138C00D9EEBB /* CarTableViewCell.swift in Sources */ = {isa = PBXBuildFile; fileRef = FE0541FC224C138C00D9EEBB /* CarTableViewCell.swift */; };
		FE16E168225394450004BC36 /* CarrinhoViewController.swift in Sources */ = {isa = PBXBuildFile; fileRef = FE16E167225394450004BC36 /* CarrinhoViewController.swift */; };
		FE29EA012203A38F000FECC2 /* AppDelegate.swift in Sources */ = {isa = PBXBuildFile; fileRef = FE29EA002203A38F000FECC2 /* AppDelegate.swift */; };
		FE29EA032203A38F000FECC2 /* ViewController.swift in Sources */ = {isa = PBXBuildFile; fileRef = FE29EA022203A38F000FECC2 /* ViewController.swift */; };
		FE29EA062203A38F000FECC2 /* Main.storyboard in Resources */ = {isa = PBXBuildFile; fileRef = FE29EA042203A38F000FECC2 /* Main.storyboard */; };
		FE29EA0B2203A391000FECC2 /* LaunchScreen.storyboard in Resources */ = {isa = PBXBuildFile; fileRef = FE29EA092203A391000FECC2 /* LaunchScreen.storyboard */; };
		FE29EA142203B43F000FECC2 /* Assets.xcassets in Resources */ = {isa = PBXBuildFile; fileRef = FE29EA072203A391000FECC2 /* Assets.xcassets */; };
		FE45E4422205D17800EFAD8B /* InfoViewController.swift in Sources */ = {isa = PBXBuildFile; fileRef = FE45E4402205D17800EFAD8B /* InfoViewController.swift */; };
		FE45E4462205D1F400EFAD8B /* SalesTableViewController.swift in Sources */ = {isa = PBXBuildFile; fileRef = FE45E4442205D1F400EFAD8B /* SalesTableViewController.swift */; };
		FE9DDE382245284200317573 /* carros.swift in Sources */ = {isa = PBXBuildFile; fileRef = FE9DDE372245284200317573 /* carros.swift */; };
		FE9DDE3A224545F600317573 /* REST.swift in Sources */ = {isa = PBXBuildFile; fileRef = FE9DDE39224545F600317573 /* REST.swift */; };
/* End PBXBuildFile section */

/* Begin PBXFileReference section */
		7198BEDCF2C43963A658AA2A /* Pods_Desafio.framework */ = {isa = PBXFileReference; explicitFileType = wrapper.framework; includeInIndex = 0; path = Pods_Desafio.framework; sourceTree = BUILT_PRODUCTS_DIR; };
		9145BCDB915191599472CF87 /* Pods-Desafio.debug.xcconfig */ = {isa = PBXFileReference; includeInIndex = 1; lastKnownFileType = text.xcconfig; name = "Pods-Desafio.debug.xcconfig"; path = "Target Support Files/Pods-Desafio/Pods-Desafio.debug.xcconfig"; sourceTree = "<group>"; };
		B898CC79044DF55F0FD591D3 /* Pods-Desafio.release.xcconfig */ = {isa = PBXFileReference; includeInIndex = 1; lastKnownFileType = text.xcconfig; name = "Pods-Desafio.release.xcconfig"; path = "Target Support Files/Pods-Desafio/Pods-Desafio.release.xcconfig"; sourceTree = "<group>"; };
		FE0541FC224C138C00D9EEBB /* CarTableViewCell.swift */ = {isa = PBXFileReference; lastKnownFileType = sourcecode.swift; path = CarTableViewCell.swift; sourceTree = "<group>"; };
		FE16E167225394450004BC36 /* CarrinhoViewController.swift */ = {isa = PBXFileReference; lastKnownFileType = sourcecode.swift; path = CarrinhoViewController.swift; sourceTree = "<group>"; };
		FE29E9FD2203A38F000FECC2 /* Desafio.app */ = {isa = PBXFileReference; explicitFileType = wrapper.application; includeInIndex = 0; path = Desafio.app; sourceTree = BUILT_PRODUCTS_DIR; };
		FE29EA002203A38F000FECC2 /* AppDelegate.swift */ = {isa = PBXFileReference; lastKnownFileType = sourcecode.swift; path = AppDelegate.swift; sourceTree = "<group>"; };
		FE29EA022203A38F000FECC2 /* ViewController.swift */ = {isa = PBXFileReference; lastKnownFileType = sourcecode.swift; path = ViewController.swift; sourceTree = "<group>"; };
		FE29EA052203A38F000FECC2 /* Base */ = {isa = PBXFileReference; lastKnownFileType = file.storyboard; name = Base; path = Base.lproj/Main.storyboard; sourceTree = "<group>"; };
		FE29EA072203A391000FECC2 /* Assets.xcassets */ = {isa = PBXFileReference; lastKnownFileType = folder.assetcatalog; path = Assets.xcassets; sourceTree = "<group>"; };
		FE29EA0A2203A391000FECC2 /* Base */ = {isa = PBXFileReference; lastKnownFileType = file.storyboard; name = Base; path = Base.lproj/LaunchScreen.storyboard; sourceTree = "<group>"; };
		FE29EA0C2203A391000FECC2 /* Info.plist */ = {isa = PBXFileReference; lastKnownFileType = text.plist.xml; path = Info.plist; sourceTree = "<group>"; };
		FE45E4402205D17800EFAD8B /* InfoViewController.swift */ = {isa = PBXFileReference; lastKnownFileType = sourcecode.swift; path = InfoViewController.swift; sourceTree = "<group>"; };
		FE45E4442205D1F400EFAD8B /* SalesTableViewController.swift */ = {isa = PBXFileReference; lastKnownFileType = sourcecode.swift; path = SalesTableViewController.swift; sourceTree = "<group>"; };
		FE9DDE372245284200317573 /* carros.swift */ = {isa = PBXFileReference; lastKnownFileType = sourcecode.swift; path = carros.swift; sourceTree = "<group>"; };
		FE9DDE39224545F600317573 /* REST.swift */ = {isa = PBXFileReference; lastKnownFileType = sourcecode.swift; path = REST.swift; sourceTree = "<group>"; };
/* End PBXFileReference section */

/* Begin PBXFrameworksBuildPhase section */
		FE29E9FA2203A38F000FECC2 /* Frameworks */ = {
			isa = PBXFrameworksBuildPhase;
			buildActionMask = 2147483647;
			files = (
				93F7D4C9A42E1293305BE019 /* Pods_Desafio.framework in Frameworks */,
			);
			runOnlyForDeploymentPostprocessing = 0;
		};
/* End PBXFrameworksBuildPhase section */

/* Begin PBXGroup section */
		0235D8E3DF0856ADB40D26D4 /* Frameworks */ = {
			isa = PBXGroup;
			children = (
				7198BEDCF2C43963A658AA2A /* Pods_Desafio.framework */,
			);
			name = Frameworks;
			sourceTree = "<group>";
		};
		A3FADFCCC609A7BD9EDB74B9 /* Pods */ = {
			isa = PBXGroup;
			children = (
				9145BCDB915191599472CF87 /* Pods-Desafio.debug.xcconfig */,
				B898CC79044DF55F0FD591D3 /* Pods-Desafio.release.xcconfig */,
			);
			path = Pods;
			sourceTree = "<group>";
		};
		FE29E9F42203A38F000FECC2 = {
			isa = PBXGroup;
			children = (
				FE29E9FF2203A38F000FECC2 /* Desafio */,
				FE29E9FE2203A38F000FECC2 /* Products */,
				A3FADFCCC609A7BD9EDB74B9 /* Pods */,
				0235D8E3DF0856ADB40D26D4 /* Frameworks */,
			);
			sourceTree = "<group>";
		};
		FE29E9FE2203A38F000FECC2 /* Products */ = {
			isa = PBXGroup;
			children = (
				FE29E9FD2203A38F000FECC2 /* Desafio.app */,
			);
			name = Products;
			sourceTree = "<group>";
		};
		FE29E9FF2203A38F000FECC2 /* Desafio */ = {
			isa = PBXGroup;
			children = (
				FE29EA002203A38F000FECC2 /* AppDelegate.swift */,
				FE29EA022203A38F000FECC2 /* ViewController.swift */,
				FE29EA042203A38F000FECC2 /* Main.storyboard */,
				FE16E167225394450004BC36 /* CarrinhoViewController.swift */,
				FE0541FC224C138C00D9EEBB /* CarTableViewCell.swift */,
				FE45E4442205D1F400EFAD8B /* SalesTableViewController.swift */,
				FE9DDE372245284200317573 /* carros.swift */,
				FE9DDE39224545F600317573 /* REST.swift */,
				FE45E4402205D17800EFAD8B /* InfoViewController.swift */,
				FE29EA072203A391000FECC2 /* Assets.xcassets */,
				FE29EA092203A391000FECC2 /* LaunchScreen.storyboard */,
				FE29EA0C2203A391000FECC2 /* Info.plist */,
			);
			path = Desafio;
			sourceTree = "<group>";
		};
/* End PBXGroup section */

/* Begin PBXNativeTarget section */
		FE29E9FC2203A38F000FECC2 /* Desafio */ = {
			isa = PBXNativeTarget;
			buildConfigurationList = FE29EA0F2203A391000FECC2 /* Build configuration list for PBXNativeTarget "Desafio" */;
			buildPhases = (
				82AE2D243FF028FFB3101936 /* [CP] Check Pods Manifest.lock */,
				FE29E9F92203A38F000FECC2 /* Sources */,
				FE29E9FA2203A38F000FECC2 /* Frameworks */,
				FE29E9FB2203A38F000FECC2 /* Resources */,
				6ABCDAC470ABFA0DE20B1B6A /* [CP] Embed Pods Frameworks */,
			);
			buildRules = (
			);
			dependencies = (
			);
			name = Desafio;
			productName = Desafio;
			productReference = FE29E9FD2203A38F000FECC2 /* Desafio.app */;
			productType = "com.apple.product-type.application";
		};
/* End PBXNativeTarget section */

/* Begin PBXProject section */
		FE29E9F52203A38F000FECC2 /* Project object */ = {
			isa = PBXProject;
			attributes = {
				LastSwiftUpdateCheck = 1010;
				LastUpgradeCheck = 1010;
				ORGANIZATIONNAME = "Rafael Nicolau";
				TargetAttributes = {
					FE29E9FC2203A38F000FECC2 = {
						CreatedOnToolsVersion = 10.1;
					};
				};
			};
			buildConfigurationList = FE29E9F82203A38F000FECC2 /* Build configuration list for PBXProject "Desafio" */;
			compatibilityVersion = "Xcode 10.0";
			developmentRegion = en;
			hasScannedForEncodings = 0;
			knownRegions = (
				en,
				Base,
			);
			mainGroup = FE29E9F42203A38F000FECC2;
			productRefGroup = FE29E9FE2203A38F000FECC2 /* Products */;
			projectDirPath = "";
			projectRoot = "";
			targets = (
				FE29E9FC2203A38F000FECC2 /* Desafio */,
			);
		};
/* End PBXProject section */

/* Begin PBXResourcesBuildPhase section */
		FE29E9FB2203A38F000FECC2 /* Resources */ = {
			isa = PBXResourcesBuildPhase;
			buildActionMask = 2147483647;
			files = (
				FE29EA0B2203A391000FECC2 /* LaunchScreen.storyboard in Resources */,
				FE29EA142203B43F000FECC2 /* Assets.xcassets in Resources */,
				FE29EA062203A38F000FECC2 /* Main.storyboard in Resources */,
			);
			runOnlyForDeploymentPostprocessing = 0;
		};
/* End PBXResourcesBuildPhase section */

/* Begin PBXShellScriptBuildPhase section */
		6ABCDAC470ABFA0DE20B1B6A /* [CP] Embed Pods Frameworks */ = {
			isa = PBXShellScriptBuildPhase;
			buildActionMask = 2147483647;
			files = (
			);
			inputFileListPaths = (
			);
			inputPaths = (
				"${PODS_ROOT}/Target Support Files/Pods-Desafio/Pods-Desafio-frameworks.sh",
				"${BUILT_PRODUCTS_DIR}/AFNetworking/AFNetworking.framework",
				"${BUILT_PRODUCTS_DIR}/Alamofire/Alamofire.framework",
				"${BUILT_PRODUCTS_DIR}/Kingfisher/Kingfisher.framework",
				"${BUILT_PRODUCTS_DIR}/Moltin/Moltin.framework",
			);
			name = "[CP] Embed Pods Frameworks";
			outputFileListPaths = (
			);
			outputPaths = (
				"${TARGET_BUILD_DIR}/${FRAMEWORKS_FOLDER_PATH}/AFNetworking.framework",
				"${TARGET_BUILD_DIR}/${FRAMEWORKS_FOLDER_PATH}/Alamofire.framework",
				"${TARGET_BUILD_DIR}/${FRAMEWORKS_FOLDER_PATH}/Kingfisher.framework",
				"${TARGET_BUILD_DIR}/${FRAMEWORKS_FOLDER_PATH}/Moltin.framework",
			);
			runOnlyForDeploymentPostprocessing = 0;
			shellPath = /bin/sh;
			shellScript = "\"${PODS_ROOT}/Target Support Files/Pods-Desafio/Pods-Desafio-frameworks.sh\"\n";
			showEnvVarsInLog = 0;
		};
		82AE2D243FF028FFB3101936 /* [CP] Check Pods Manifest.lock */ = {
			isa = PBXShellScriptBuildPhase;
			buildActionMask = 2147483647;
			files = (
			);
			inputFileListPaths = (
			);
			inputPaths = (
				"${PODS_PODFILE_DIR_PATH}/Podfile.lock",
				"${PODS_ROOT}/Manifest.lock",
			);
			name = "[CP] Check Pods Manifest.lock";
			outputFileListPaths = (
			);
			outputPaths = (
				"$(DERIVED_FILE_DIR)/Pods-Desafio-checkManifestLockResult.txt",
			);
			runOnlyForDeploymentPostprocessing = 0;
			shellPath = /bin/sh;
			shellScript = "diff \"${PODS_PODFILE_DIR_PATH}/Podfile.lock\" \"${PODS_ROOT}/Manifest.lock\" > /dev/null\nif [ $? != 0 ] ; then\n    # print error to STDERR\n    echo \"error: The sandbox is not in sync with the Podfile.lock. Run 'pod install' or update your CocoaPods installation.\" >&2\n    exit 1\nfi\n# This output is used by Xcode 'outputs' to avoid re-running this script phase.\necho \"SUCCESS\" > \"${SCRIPT_OUTPUT_FILE_0}\"\n";
			showEnvVarsInLog = 0;
		};
/* End PBXShellScriptBuildPhase section */

/* Begin PBXSourcesBuildPhase section */
		FE29E9F92203A38F000FECC2 /* Sources */ = {
			isa = PBXSourcesBuildPhase;
			buildActionMask = 2147483647;
			files = (
				FE45E4462205D1F400EFAD8B /* SalesTableViewController.swift in Sources */,
				FE0541FD224C138C00D9EEBB /* CarTableViewCell.swift in Sources */,
				FE9DDE3A224545F600317573 /* REST.swift in Sources */,
				FE29EA032203A38F000FECC2 /* ViewController.swift in Sources */,
				FE16E168225394450004BC36 /* CarrinhoViewController.swift in Sources */,
				FE29EA012203A38F000FECC2 /* AppDelegate.swift in Sources */,
				FE45E4422205D17800EFAD8B /* InfoViewController.swift in Sources */,
				FE9DDE382245284200317573 /* carros.swift in Sources */,
			);
			runOnlyForDeploymentPostprocessing = 0;
		};
/* End PBXSourcesBuildPhase section */

/* Begin PBXVariantGroup section */
		FE29EA042203A38F000FECC2 /* Main.storyboard */ = {
			isa = PBXVariantGroup;
			children = (
				FE29EA052203A38F000FECC2 /* Base */,
			);
			name = Main.storyboard;
			sourceTree = "<group>";
		};
		FE29EA092203A391000FECC2 /* LaunchScreen.storyboard */ = {
			isa = PBXVariantGroup;
			children = (
				FE29EA0A2203A391000FECC2 /* Base */,
			);
			name = LaunchScreen.storyboard;
			sourceTree = "<group>";
		};
/* End PBXVariantGroup section */

/* Begin XCBuildConfiguration section */
		FE29EA0D2203A391000FECC2 /* Debug */ = {
			isa = XCBuildConfiguration;
			buildSettings = {
				ALWAYS_SEARCH_USER_PATHS = NO;
				CLANG_ANALYZER_NONNULL = YES;
				CLANG_ANALYZER_NUMBER_OBJECT_CONVERSION = YES_AGGRESSIVE;
				CLANG_CXX_LANGUAGE_STANDARD = "gnu++14";
				CLANG_CXX_LIBRARY = "libc++";
				CLANG_ENABLE_MODULES = YES;
				CLANG_ENABLE_OBJC_ARC = YES;
				CLANG_ENABLE_OBJC_WEAK = YES;
				CLANG_WARN_BLOCK_CAPTURE_AUTORELEASING = YES;
				CLANG_WARN_BOOL_CONVERSION = YES;
				CLANG_WARN_COMMA = YES;
				CLANG_WARN_CONSTANT_CONVERSION = YES;
				CLANG_WARN_DEPRECATED_OBJC_IMPLEMENTATIONS = YES;
				CLANG_WARN_DIRECT_OBJC_ISA_USAGE = YES_ERROR;
				CLANG_WARN_DOCUMENTATION_COMMENTS = YES;
				CLANG_WARN_EMPTY_BODY = YES;
				CLANG_WARN_ENUM_CONVERSION = YES;
				CLANG_WARN_INFINITE_RECURSION = YES;
				CLANG_WARN_INT_CONVERSION = YES;
				CLANG_WARN_NON_LITERAL_NULL_CONVERSION = YES;
				CLANG_WARN_OBJC_IMPLICIT_RETAIN_SELF = YES;
				CLANG_WARN_OBJC_LITERAL_CONVERSION = YES;
				CLANG_WARN_OBJC_ROOT_CLASS = YES_ERROR;
				CLANG_WARN_RANGE_LOOP_ANALYSIS = YES;
				CLANG_WARN_STRICT_PROTOTYPES = YES;
				CLANG_WARN_SUSPICIOUS_MOVE = YES;
				CLANG_WARN_UNGUARDED_AVAILABILITY = YES_AGGRESSIVE;
				CLANG_WARN_UNREACHABLE_CODE = YES;
				CLANG_WARN__DUPLICATE_METHOD_MATCH = YES;
				CODE_SIGN_IDENTITY = "iPhone Developer";
				COPY_PHASE_STRIP = NO;
				DEBUG_INFORMATION_FORMAT = dwarf;
				ENABLE_STRICT_OBJC_MSGSEND = YES;
				ENABLE_TESTABILITY = YES;
				GCC_C_LANGUAGE_STANDARD = gnu11;
				GCC_DYNAMIC_NO_PIC = NO;
				GCC_NO_COMMON_BLOCKS = YES;
				GCC_OPTIMIZATION_LEVEL = 0;
				GCC_PREPROCESSOR_DEFINITIONS = (
					"DEBUG=1",
					"$(inherited)",
				);
				GCC_WARN_64_TO_32_BIT_CONVERSION = YES;
				GCC_WARN_ABOUT_RETURN_TYPE = YES_ERROR;
				GCC_WARN_UNDECLARED_SELECTOR = YES;
				GCC_WARN_UNINITIALIZED_AUTOS = YES_AGGRESSIVE;
				GCC_WARN_UNUSED_FUNCTION = YES;
				GCC_WARN_UNUSED_VARIABLE = YES;
				IPHONEOS_DEPLOYMENT_TARGET = 12.1;
				MTL_ENABLE_DEBUG_INFO = INCLUDE_SOURCE;
				MTL_FAST_MATH = YES;
				ONLY_ACTIVE_ARCH = YES;
				SDKROOT = iphoneos;
				SWIFT_ACTIVE_COMPILATION_CONDITIONS = DEBUG;
				SWIFT_OPTIMIZATION_LEVEL = "-Onone";
			};
			name = Debug;
		};
		FE29EA0E2203A391000FECC2 /* Release */ = {
			isa = XCBuildConfiguration;
			buildSettings = {
				ALWAYS_SEARCH_USER_PATHS = NO;
				CLANG_ANALYZER_NONNULL = YES;
				CLANG_ANALYZER_NUMBER_OBJECT_CONVERSION = YES_AGGRESSIVE;
				CLANG_CXX_LANGUAGE_STANDARD = "gnu++14";
				CLANG_CXX_LIBRARY = "libc++";
				CLANG_ENABLE_MODULES = YES;
				CLANG_ENABLE_OBJC_ARC = YES;
				CLANG_ENABLE_OBJC_WEAK = YES;
				CLANG_WARN_BLOCK_CAPTURE_AUTORELEASING = YES;
				CLANG_WARN_BOOL_CONVERSION = YES;
				CLANG_WARN_COMMA = YES;
				CLANG_WARN_CONSTANT_CONVERSION = YES;
				CLANG_WARN_DEPRECATED_OBJC_IMPLEMENTATIONS = YES;
				CLANG_WARN_DIRECT_OBJC_ISA_USAGE = YES_ERROR;
				CLANG_WARN_DOCUMENTATION_COMMENTS = YES;
				CLANG_WARN_EMPTY_BODY = YES;
				CLANG_WARN_ENUM_CONVERSION = YES;
				CLANG_WARN_INFINITE_RECURSION = YES;
				CLANG_WARN_INT_CONVERSION = YES;
				CLANG_WARN_NON_LITERAL_NULL_CONVERSION = YES;
				CLANG_WARN_OBJC_IMPLICIT_RETAIN_SELF = YES;
				CLANG_WARN_OBJC_LITERAL_CONVERSION = YES;
				CLANG_WARN_OBJC_ROOT_CLASS = YES_ERROR;
				CLANG_WARN_RANGE_LOOP_ANALYSIS = YES;
				CLANG_WARN_STRICT_PROTOTYPES = YES;
				CLANG_WARN_SUSPICIOUS_MOVE = YES;
				CLANG_WARN_UNGUARDED_AVAILABILITY = YES_AGGRESSIVE;
				CLANG_WARN_UNREACHABLE_CODE = YES;
				CLANG_WARN__DUPLICATE_METHOD_MATCH = YES;
				CODE_SIGN_IDENTITY = "iPhone Developer";
				COPY_PHASE_STRIP = NO;
				DEBUG_INFORMATION_FORMAT = "dwarf-with-dsym";
				ENABLE_NS_ASSERTIONS = NO;
				ENABLE_STRICT_OBJC_MSGSEND = YES;
				GCC_C_LANGUAGE_STANDARD = gnu11;
				GCC_NO_COMMON_BLOCKS = YES;
				GCC_WARN_64_TO_32_BIT_CONVERSION = YES;
				GCC_WARN_ABOUT_RETURN_TYPE = YES_ERROR;
				GCC_WARN_UNDECLARED_SELECTOR = YES;
				GCC_WARN_UNINITIALIZED_AUTOS = YES_AGGRESSIVE;
				GCC_WARN_UNUSED_FUNCTION = YES;
				GCC_WARN_UNUSED_VARIABLE = YES;
				IPHONEOS_DEPLOYMENT_TARGET = 12.1;
				MTL_ENABLE_DEBUG_INFO = NO;
				MTL_FAST_MATH = YES;
				SDKROOT = iphoneos;
				SWIFT_COMPILATION_MODE = wholemodule;
				SWIFT_OPTIMIZATION_LEVEL = "-O";
				VALIDATE_PRODUCT = YES;
			};
			name = Release;
		};
		FE29EA102203A391000FECC2 /* Debug */ = {
			isa = XCBuildConfiguration;
			baseConfigurationReference = 9145BCDB915191599472CF87 /* Pods-Desafio.debug.xcconfig */;
			buildSettings = {
				ASSETCATALOG_COMPILER_APPICON_NAME = AppIcon;
				CODE_SIGN_STYLE = Automatic;
				DEVELOPMENT_TEAM = N8UWU2GFK6;
				INFOPLIST_FILE = Desafio/Info.plist;
				LD_RUNPATH_SEARCH_PATHS = (
					"$(inherited)",
					"@executable_path/Frameworks",
				);
				PRODUCT_BUNDLE_IDENTIFIER = com.rafael.Desafio;
				PRODUCT_NAME = "$(TARGET_NAME)";
				SWIFT_OBJC_BRIDGING_HEADER = Desafio/BridgingHeader.h;
				SWIFT_VERSION = 4.2;
				TARGETED_DEVICE_FAMILY = "1,2";
			};
			name = Debug;
		};
		FE29EA112203A391000FECC2 /* Release */ = {
			isa = XCBuildConfiguration;
			baseConfigurationReference = B898CC79044DF55F0FD591D3 /* Pods-Desafio.release.xcconfig */;
			buildSettings = {
				ASSETCATALOG_COMPILER_APPICON_NAME = AppIcon;
				CODE_SIGN_STYLE = Automatic;
				DEVELOPMENT_TEAM = N8UWU2GFK6;
				INFOPLIST_FILE = Desafio/Info.plist;
				LD_RUNPATH_SEARCH_PATHS = (
					"$(inherited)",
					"@executable_path/Frameworks",
				);
				PRODUCT_BUNDLE_IDENTIFIER = com.rafael.Desafio;
				PRODUCT_NAME = "$(TARGET_NAME)";
				SWIFT_OBJC_BRIDGING_HEADER = Desafio/BridgingHeader.h;
				SWIFT_VERSION = 4.2;
				TARGETED_DEVICE_FAMILY = "1,2";
			};
			name = Release;
		};
/* End XCBuildConfiguration section */

/* Begin XCConfigurationList section */
		FE29E9F82203A38F000FECC2 /* Build configuration list for PBXProject "Desafio" */ = {
			isa = XCConfigurationList;
			buildConfigurations = (
				FE29EA0D2203A391000FECC2 /* Debug */,
				FE29EA0E2203A391000FECC2 /* Release */,
			);
			defaultConfigurationIsVisible = 0;
			defaultConfigurationName = Release;
		};
		FE29EA0F2203A391000FECC2 /* Build configuration list for PBXNativeTarget "Desafio" */ = {
			isa = XCConfigurationList;
			buildConfigurations = (
				FE29EA102203A391000FECC2 /* Debug */,
				FE29EA112203A391000FECC2 /* Release */,
			);
			defaultConfigurationIsVisible = 0;
			defaultConfigurationName = Release;
		};
/* End XCConfigurationList section */
	};
	rootObject = FE29E9F52203A38F000FECC2 /* Project object */;
}
